{
  "nodes": {
    "agenix": {
      "inputs": {
        "nixpkgs": [
          "nixpkgs"
        ]
      },
      "locked": {
        "lastModified": 1652712410,
        "narHash": "sha256-hMJ2TqLt0DleEnQFGUHK9sV2aAzJPU8pZeiZoqRozbE=",
        "owner": "ryantm",
        "repo": "agenix",
        "rev": "7e5e58b98c3dcbf497543ff6f22591552ebfe65b",
        "type": "github"
      },
      "original": {
        "owner": "ryantm",
        "repo": "agenix",
        "type": "github"
      }
    },
    "darwin": {
      "inputs": {
        "nixpkgs": [
          "nixpkgs-unstable"
        ]
      },
      "locked": {
        "lastModified": 1651916036,
        "narHash": "sha256-UuD9keUGm4IuVEV6wdSYbuRm7CwfXE63hVkzKDjVsh4=",
        "owner": "LnL7",
        "repo": "nix-darwin",
        "rev": "2f2bdf658d2b79bada78dc914af99c53cad37cba",
        "type": "github"
      },
      "original": {
        "owner": "LnL7",
        "ref": "master",
        "repo": "nix-darwin",
        "type": "github"
      }
    },
    "devshell": {
      "inputs": {
        "flake-utils": [
          "prefmanager",
          "flake-utils"
        ],
        "nixpkgs": [
          "prefmanager",
          "nixpkgs"
        ]
      },
      "locked": {
        "lastModified": 1650900878,
        "narHash": "sha256-qhNncMBSa9STnhiLfELEQpYC1L4GrYHNIzyCZ/pilsI=",
        "owner": "numtide",
        "repo": "devshell",
        "rev": "d97df53b5ddaa1cfbea7cddbd207eb2634304733",
        "type": "github"
      },
      "original": {
        "owner": "numtide",
        "repo": "devshell",
        "type": "github"
      }
    },
    "emacs-overlay": {
      "inputs": {
        "flake-utils": "flake-utils",
        "nixpkgs": "nixpkgs"
      },
      "locked": {
        "lastModified": 1656787767,
        "narHash": "sha256-uMMSFTMfdTNOFd0VImM+9LT9V8gFygJx2XbjvuqWKrY=",
        "owner": "nix-community",
        "repo": "emacs-overlay",
        "rev": "bfa98bb7e829b62c915e0652fff75564170e3a22",
        "type": "github"
      },
      "original": {
        "owner": "nix-community",
        "repo": "emacs-overlay",
        "type": "github"
      }
    },
    "flake-compat": {
      "flake": false,
      "locked": {
        "lastModified": 1650374568,
        "narHash": "sha256-Z+s0J8/r907g149rllvwhb4pKi8Wam5ij0st8PwAh+E=",
        "owner": "edolstra",
        "repo": "flake-compat",
        "rev": "b4a34015c698c7793d592d66adbab377907a2be8",
        "type": "github"
      },
      "original": {
        "owner": "edolstra",
        "repo": "flake-compat",
        "type": "github"
      }
    },
    "flake-utils": {
      "locked": {
        "lastModified": 1656065134,
        "narHash": "sha256-oc6E6ByIw3oJaIyc67maaFcnjYOz1mMcOtHxbEf9NwQ=",
        "owner": "numtide",
        "repo": "flake-utils",
        "rev": "bee6a7250dd1b01844a2de7e02e4df7d8a0a206c",
        "type": "github"
      },
      "original": {
        "owner": "numtide",
        "repo": "flake-utils",
        "type": "github"
      }
    },
    "flake-utils_2": {
      "locked": {
        "lastModified": 1649676176,
        "narHash": "sha256-OWKJratjt2RW151VUlJPRALb7OU2S5s+f0vLj4o1bHM=",
        "owner": "numtide",
        "repo": "flake-utils",
        "rev": "a4b154ebbdc88c8498a5c7b01589addc9e9cb678",
        "type": "github"
      },
      "original": {
        "owner": "numtide",
        "repo": "flake-utils",
        "type": "github"
      }
    },
    "home-manager": {
      "inputs": {
        "nixpkgs": [
          "nixpkgs-unstable"
        ],
        "utils": "utils"
      },
      "locked": {
        "lastModified": 1656367977,
        "narHash": "sha256-0hV17V9Up9pnAtPJ+787FhrsPnawxoTPA/VxgjRMrjc=",
        "owner": "nix-community",
        "repo": "home-manager",
        "rev": "3bf16c0fd141c28312be52945d1543f9ce557bb1",
        "type": "github"
      },
      "original": {
        "owner": "nix-community",
        "repo": "home-manager",
        "type": "github"
      }
    },
    "nixos-hardware": {
      "locked": {
        "lastModified": 1656702262,
        "narHash": "sha256-BdVdx6LoGgAeIYrHnzk+AgbtkaVlV3JNcC6+vltLuh0=",
        "owner": "nixos",
        "repo": "nixos-hardware",
        "rev": "c5308381432cdbf14d5b1128747a2845f5c6871e",
        "type": "github"
      },
      "original": {
        "owner": "nixos",
        "repo": "nixos-hardware",
        "type": "github"
      }
    },
    "nixos-stable": {
      "locked": {
        "lastModified": 1656679828,
        "narHash": "sha256-akGA97pR1BAQew1FrVTCME3p8qvYxJXB2X3a13aBphs=",
        "owner": "NixOS",
        "repo": "nixpkgs",
        "rev": "915f5a5b3cc4f8ba206afd0b70e52ba4c6a2796b",
        "type": "github"
      },
      "original": {
        "owner": "NixOS",
        "ref": "nixos-22.05",
        "repo": "nixpkgs",
        "type": "github"
      }
    },
    "nixpkgs": {
      "locked": {
        "lastModified": 1656755932,
        "narHash": "sha256-TGThfOxr+HjFK464+UoUE6rClp2cwxjiKvHcBVdIGSQ=",
        "owner": "NixOS",
        "repo": "nixpkgs",
        "rev": "660ac43ff9ab1f12e28bfb31d4719795777fe152",
        "type": "github"
      },
      "original": {
        "id": "nixpkgs",
        "type": "indirect"
      }
    },
    "nixpkgs-master": {
      "locked": {
        "lastModified": 1656797126,
        "narHash": "sha256-HQHs1EZ6L7Epy1mMaaNhBIZ8BvemUMnX4V/MOZ2HKdg=",
        "owner": "NixOS",
        "repo": "nixpkgs",
        "rev": "f03ac7e3f0f0acc4d1f28e74a9b75985d9c29e59",
        "type": "github"
      },
      "original": {
        "owner": "NixOS",
        "ref": "master",
        "repo": "nixpkgs",
        "type": "github"
      }
    },
    "nixpkgs-stable": {
      "locked": {
        "lastModified": 1656712277,
        "narHash": "sha256-KhKwFt1q53pTa/ytbO+fefjHMJzY0pgnJjTrXEGvDNw=",
        "owner": "NixOS",
        "repo": "nixpkgs",
        "rev": "f5a6d714ea330a5f8154bf228806a3bdf43bc988",
        "type": "github"
      },
      "original": {
        "owner": "NixOS",
        "ref": "nixpkgs-22.05-darwin",
        "repo": "nixpkgs",
        "type": "github"
      }
    },
    "nixpkgs-unstable": {
      "locked": {
        "lastModified": 1656755932,
        "narHash": "sha256-TGThfOxr+HjFK464+UoUE6rClp2cwxjiKvHcBVdIGSQ=",
        "owner": "NixOS",
        "repo": "nixpkgs",
        "rev": "660ac43ff9ab1f12e28bfb31d4719795777fe152",
        "type": "github"
      },
      "original": {
        "owner": "NixOS",
        "ref": "nixpkgs-unstable",
        "repo": "nixpkgs",
        "type": "github"
      }
    },
    "nixpkgs_2": {
      "locked": {
        "lastModified": 1656755932,
        "narHash": "sha256-TGThfOxr+HjFK464+UoUE6rClp2cwxjiKvHcBVdIGSQ=",
        "owner": "NixOS",
        "repo": "nixpkgs",
        "rev": "660ac43ff9ab1f12e28bfb31d4719795777fe152",
        "type": "github"
      },
      "original": {
        "id": "nixpkgs",
        "type": "indirect"
      }
    },
    "plist-source": {
      "flake": false,
      "locked": {
        "lastModified": 1611283854,
        "narHash": "sha256-7ubuVH6P2uYeCq82/ALd6E5szjBBqEtcO61u+5qRCt0=",
        "owner": "malob",
        "repo": "plist",
        "rev": "5e22be0933bf9a100868b944fa7a8b1236b99255",
        "type": "github"
      },
      "original": {
        "owner": "malob",
        "ref": "monadfail",
        "repo": "plist",
        "type": "github"
      }
    },
    "prefmanager": {
      "inputs": {
        "devshell": "devshell",
        "flake-compat": "flake-compat",
        "flake-utils": "flake-utils_2",
        "nixpkgs": [
          "nixpkgs-unstable"
        ],
        "plist-source": "plist-source"
      },
      "locked": {
        "lastModified": 1651002194,
        "narHash": "sha256-EV9UPqiewERYA+YTOGfQ3gfWSU0KeNIrKqp4RjtKgsU=",
        "owner": "malob",
        "repo": "prefmanager",
        "rev": "d9aa23a9266a2858a46553379417435be29d28e2",
        "type": "github"
      },
      "original": {
        "owner": "malob",
        "repo": "prefmanager",
        "type": "github"
      }
    },
    "root": {
      "inputs": {
        "agenix": "agenix",
        "darwin": "darwin",
        "emacs-overlay": "emacs-overlay",
        "home-manager": "home-manager",
        "nixos-hardware": "nixos-hardware",
        "nixos-stable": "nixos-stable",
        "nixpkgs": "nixpkgs_2",
        "nixpkgs-master": "nixpkgs-master",
        "nixpkgs-stable": "nixpkgs-stable",
        "nixpkgs-unstable": "nixpkgs-unstable",
        "prefmanager": "prefmanager"
      }
    },
    "utils": {
      "locked": {
        "lastModified": 1653893745,
        "narHash": "sha256-0jntwV3Z8//YwuOjzhV2sgJJPt+HY6KhU7VZUL0fKZQ=",
        "owner": "numtide",
        "repo": "flake-utils",
        "rev": "1ed9fb1935d260de5fe1c2f7ee0ebaae17ed2fa1",
        "type": "github"
      },
      "original": {
        "owner": "numtide",
        "repo": "flake-utils",
        "type": "github"
      }
    }
  },
  "root": "root",
  "version": 7
}
